
Microsoft Visual Studio Solution File, Format Version 12.00
# Visual Studio 15
VisualStudioVersion = 15.0.27130.2010
MinimumVisualStudioVersion = 10.0.40219.1
Project("{8BC9CEB8-8B4A-11D0-8D11-00A0C91BC942}") = "VS", "VS.vcxproj", "{331D8314-637A-4075-AC97-462E496C38A2}"
EndProject
Global
	GlobalSection(SolutionConfigurationPlatforms) = preSolution
		Debug|x86 = Debug|x86
		Release|x86 = Release|x86
	EndGlobalSection
	GlobalSection(ProjectConfigurationPlatforms) = postSolution
		{331D8314-637A-4075-AC97-462E496C38A2}.Debug|x86.ActiveCfg = Debug|Win32
		{331D8314-637A-4075-AC97-462E496C38A2}.Debug|x86.Build.0 = Debug|Win32
		{331D8314-637A-4075-AC97-462E496C38A2}.Release|x86.ActiveCfg = Release|Win32
		{331D8314-637A-4075-AC97-462E496C38A2}.Release|x86.Build.0 = Release|Win32
	EndGlobalSection
	GlobalSection(SolutionProperties) = preSolution
		HideSolutionNode = FALSE
	EndGlobalSection
	GlobalSection(ExtensibilityGlobals) = postSolution
		SolutionGuid = {1E76740F-11B9-4AE6-8AE5-2D70B9F2A138}
	EndGlobalSection
EndGlobal
